// !$*UTF8*$!
{
	archiveVersion = 1;
	classes = {
	};
	objectVersion = 55;
	objects = {

/* Begin PBXBuildFile section */
		F78968452E2E3ECD0027B242 /* PikaScript.cpp in Sources */ = {isa = PBXBuildFile; fileRef = F789683C2E2E3ECD0027B242 /* PikaScript.cpp */; };
		F78968462E2E3ECD0027B242 /* QStrings.cpp in Sources */ = {isa = PBXBuildFile; fileRef = F78968402E2E3ECD0027B242 /* QStrings.cpp */; };
		F78968492E2E3EDB0027B242 /* BuiltIns.cpp in Sources */ = {isa = PBXBuildFile; fileRef = F78968472E2E3EDB0027B242 /* BuiltIns.cpp */; };
		F789684A2E2E3EDB0027B242 /* PikaCmd.cpp in Sources */ = {isa = PBXBuildFile; fileRef = F78968482E2E3EDB0027B242 /* PikaCmd.cpp */; };
/* End PBXBuildFile section */

/* Begin PBXCopyFilesBuildPhase section */
		F789682F2E2E3EAA0027B242 /* CopyFiles */ = {
			isa = PBXCopyFilesBuildPhase;
			buildActionMask = 2147483647;
			dstPath = /usr/share/man/man1/;
			dstSubfolderSpec = 0;
			files = (
			);
			runOnlyForDeploymentPostprocessing = 1;
		};
/* End PBXCopyFilesBuildPhase section */

/* Begin PBXFileReference section */
		F78968312E2E3EAA0027B242 /* PikaCmd */ = {isa = PBXFileReference; explicitFileType = "compiled.mach-o.executable"; includeInIndex = 0; path = PikaCmd; sourceTree = BUILT_PRODUCTS_DIR; };
		F789683B2E2E3ECD0027B242 /* PikaScript.h */ = {isa = PBXFileReference; fileEncoding = 4; lastKnownFileType = sourcecode.c.h; name = PikaScript.h; path = ../src/PikaScript.h; sourceTree = "<group>"; };
		F789683C2E2E3ECD0027B242 /* PikaScript.cpp */ = {isa = PBXFileReference; fileEncoding = 4; lastKnownFileType = sourcecode.cpp.cpp; name = PikaScript.cpp; path = ../src/PikaScript.cpp; sourceTree = "<group>"; };
		F789683D2E2E3ECD0027B242 /* PikaScriptImpl.h */ = {isa = PBXFileReference; fileEncoding = 4; lastKnownFileType = sourcecode.c.h; name = PikaScriptImpl.h; path = ../src/PikaScriptImpl.h; sourceTree = "<group>"; };
		F789683E2E2E3ECD0027B242 /* QStrings.h */ = {isa = PBXFileReference; fileEncoding = 4; lastKnownFileType = sourcecode.c.h; name = QStrings.h; path = ../src/QStrings.h; sourceTree = "<group>"; };
		F78968402E2E3ECD0027B242 /* QStrings.cpp */ = {isa = PBXFileReference; fileEncoding = 4; lastKnownFileType = sourcecode.cpp.cpp; name = QStrings.cpp; path = ../src/QStrings.cpp; sourceTree = "<group>"; };
		F78968432E2E3ECD0027B242 /* QuickVars.h */ = {isa = PBXFileReference; fileEncoding = 4; lastKnownFileType = sourcecode.c.h; name = QuickVars.h; path = ../src/QuickVars.h; sourceTree = "<group>"; };
		F78968472E2E3EDB0027B242 /* BuiltIns.cpp */ = {isa = PBXFileReference; fileEncoding = 4; lastKnownFileType = sourcecode.cpp.cpp; name = BuiltIns.cpp; path = ../tools/PikaCmd/BuiltIns.cpp; sourceTree = "<group>"; };
		F78968482E2E3EDB0027B242 /* PikaCmd.cpp */ = {isa = PBXFileReference; fileEncoding = 4; lastKnownFileType = sourcecode.cpp.cpp; name = PikaCmd.cpp; path = ../tools/PikaCmd/PikaCmd.cpp; sourceTree = "<group>"; };
/* End PBXFileReference section */

/* Begin PBXFrameworksBuildPhase section */
		F789682E2E2E3EAA0027B242 /* Frameworks */ = {
			isa = PBXFrameworksBuildPhase;
			buildActionMask = 2147483647;
			files = (
			);
			runOnlyForDeploymentPostprocessing = 0;
		};
/* End PBXFrameworksBuildPhase section */

/* Begin PBXGroup section */
		F78968282E2E3EAA0027B242 = {
			isa = PBXGroup;
			children = (
				F78968472E2E3EDB0027B242 /* BuiltIns.cpp */,
				F78968482E2E3EDB0027B242 /* PikaCmd.cpp */,
				F789683C2E2E3ECD0027B242 /* PikaScript.cpp */,
				F789683B2E2E3ECD0027B242 /* PikaScript.h */,
				F789683D2E2E3ECD0027B242 /* PikaScriptImpl.h */,
				F78968402E2E3ECD0027B242 /* QStrings.cpp */,
				F789683E2E2E3ECD0027B242 /* QStrings.h */,
				F78968432E2E3ECD0027B242 /* QuickVars.h */,
				F78968322E2E3EAA0027B242 /* Products */,
			);
			sourceTree = "<group>";
		};
		F78968322E2E3EAA0027B242 /* Products */ = {
			isa = PBXGroup;
			children = (
				F78968312E2E3EAA0027B242 /* PikaCmd */,
			);
			name = Products;
			sourceTree = "<group>";
		};
/* End PBXGroup section */

/* Begin PBXNativeTarget section */
		F78968302E2E3EAA0027B242 /* PikaCmd */ = {
			isa = PBXNativeTarget;
			buildConfigurationList = F78968382E2E3EAA0027B242 /* Build configuration list for PBXNativeTarget "PikaCmd" */;
			buildPhases = (
				F789682D2E2E3EAA0027B242 /* Sources */,
				F789682E2E2E3EAA0027B242 /* Frameworks */,
				F789682F2E2E3EAA0027B242 /* CopyFiles */,
			);
			buildRules = (
			);
			dependencies = (
			);
			name = PikaCmd;
			productName = PikaCmd;
			productReference = F78968312E2E3EAA0027B242 /* PikaCmd */;
			productType = "com.apple.product-type.tool";
		};
/* End PBXNativeTarget section */

/* Begin PBXProject section */
		F78968292E2E3EAA0027B242 /* Project object */ = {
			isa = PBXProject;
			attributes = {
				BuildIndependentTargetsInParallel = 1;
				LastUpgradeCheck = 1320;
				TargetAttributes = {
					F78968302E2E3EAA0027B242 = {
						CreatedOnToolsVersion = 13.2.1;
					};
				};
			};
			buildConfigurationList = F789682C2E2E3EAA0027B242 /* Build configuration list for PBXProject "PikaCmd" */;
			compatibilityVersion = "Xcode 13.0";
			developmentRegion = en;
			hasScannedForEncodings = 0;
			knownRegions = (
				en,
				Base,
			);
			mainGroup = F78968282E2E3EAA0027B242;
			productRefGroup = F78968322E2E3EAA0027B242 /* Products */;
			projectDirPath = "";
			projectRoot = "";
			targets = (
				F78968302E2E3EAA0027B242 /* PikaCmd */,
			);
		};
/* End PBXProject section */

/* Begin PBXSourcesBuildPhase section */
		F789682D2E2E3EAA0027B242 /* Sources */ = {
			isa = PBXSourcesBuildPhase;
			buildActionMask = 2147483647;
			files = (
				F78968462E2E3ECD0027B242 /* QStrings.cpp in Sources */,
				F789684A2E2E3EDB0027B242 /* PikaCmd.cpp in Sources */,
				F78968452E2E3ECD0027B242 /* PikaScript.cpp in Sources */,
				F78968492E2E3EDB0027B242 /* BuiltIns.cpp in Sources */,
			);
			runOnlyForDeploymentPostprocessing = 0;
		};
/* End PBXSourcesBuildPhase section */

/* Begin XCBuildConfiguration section */
		F78968362E2E3EAA0027B242 /* Debug */ = {
			isa = XCBuildConfiguration;
			buildSettings = {
				ALWAYS_SEARCH_USER_PATHS = NO;
				CLANG_ANALYZER_NONNULL = YES;
				CLANG_ANALYZER_NUMBER_OBJECT_CONVERSION = YES_AGGRESSIVE;
				CLANG_CXX_LANGUAGE_STANDARD = "c++98";
				CLANG_CXX_LIBRARY = "compiler-default";
				CLANG_ENABLE_MODULES = YES;
				CLANG_ENABLE_OBJC_ARC = YES;
				CLANG_ENABLE_OBJC_WEAK = YES;
				CLANG_WARN_BLOCK_CAPTURE_AUTORELEASING = YES;
				CLANG_WARN_BOOL_CONVERSION = YES;
				CLANG_WARN_COMMA = YES;
				CLANG_WARN_CONSTANT_CONVERSION = YES;
				CLANG_WARN_DEPRECATED_OBJC_IMPLEMENTATIONS = YES;
				CLANG_WARN_DIRECT_OBJC_ISA_USAGE = YES_ERROR;
				CLANG_WARN_DOCUMENTATION_COMMENTS = YES;
				CLANG_WARN_EMPTY_BODY = YES;
				CLANG_WARN_ENUM_CONVERSION = YES;
				CLANG_WARN_INFINITE_RECURSION = YES;
				CLANG_WARN_INT_CONVERSION = YES;
				CLANG_WARN_NON_LITERAL_NULL_CONVERSION = YES;
				CLANG_WARN_OBJC_IMPLICIT_RETAIN_SELF = YES;
				CLANG_WARN_OBJC_LITERAL_CONVERSION = YES;
				CLANG_WARN_OBJC_ROOT_CLASS = YES_ERROR;
				CLANG_WARN_QUOTED_INCLUDE_IN_FRAMEWORK_HEADER = YES;
				CLANG_WARN_RANGE_LOOP_ANALYSIS = YES;
				CLANG_WARN_STRICT_PROTOTYPES = YES;
				CLANG_WARN_SUSPICIOUS_MOVE = YES;
				CLANG_WARN_UNGUARDED_AVAILABILITY = YES_AGGRESSIVE;
				CLANG_WARN_UNREACHABLE_CODE = YES;
				CLANG_WARN__DUPLICATE_METHOD_MATCH = YES;
				COPY_PHASE_STRIP = NO;
				DEBUG_INFORMATION_FORMAT = dwarf;
				ENABLE_STRICT_OBJC_MSGSEND = YES;
				ENABLE_TESTABILITY = YES;
				GCC_C_LANGUAGE_STANDARD = c99;
				GCC_DYNAMIC_NO_PIC = NO;
				GCC_NO_COMMON_BLOCKS = YES;
				GCC_OPTIMIZATION_LEVEL = 0;
				GCC_PREPROCESSOR_DEFINITIONS = (
					"PLATFORM_STRING=UNIX",
					"DEBUG=1",
					"$(inherited)",
				);
				GCC_WARN_64_TO_32_BIT_CONVERSION = YES;
				GCC_WARN_ABOUT_RETURN_TYPE = YES_ERROR;
				GCC_WARN_UNDECLARED_SELECTOR = YES;
				GCC_WARN_UNINITIALIZED_AUTOS = YES_AGGRESSIVE;
				GCC_WARN_UNUSED_FUNCTION = YES;
				GCC_WARN_UNUSED_VARIABLE = YES;
				MACOSX_DEPLOYMENT_TARGET = 11.7;
				MTL_ENABLE_DEBUG_INFO = INCLUDE_SOURCE;
				MTL_FAST_MATH = YES;
				ONLY_ACTIVE_ARCH = YES;
				SDKROOT = macosx;
			};
			name = Debug;
		};
		F78968372E2E3EAA0027B242 /* Release */ = {
			isa = XCBuildConfiguration;
			buildSettings = {
				ALWAYS_SEARCH_USER_PATHS = NO;
				CLANG_ANALYZER_NONNULL = YES;
				CLANG_ANALYZER_NUMBER_OBJECT_CONVERSION = YES_AGGRESSIVE;
				CLANG_CXX_LANGUAGE_STANDARD = "c++98";
				CLANG_CXX_LIBRARY = "compiler-default";
				CLANG_ENABLE_MODULES = YES;
				CLANG_ENABLE_OBJC_ARC = YES;
				CLANG_ENABLE_OBJC_WEAK = YES;
				CLANG_WARN_BLOCK_CAPTURE_AUTORELEASING = YES;
				CLANG_WARN_BOOL_CONVERSION = YES;
				CLANG_WARN_COMMA = YES;
				CLANG_WARN_CONSTANT_CONVERSION = YES;
				CLANG_WARN_DEPRECATED_OBJC_IMPLEMENTATIONS = YES;
				CLANG_WARN_DIRECT_OBJC_ISA_USAGE = YES_ERROR;
				CLANG_WARN_DOCUMENTATION_COMMENTS = YES;
				CLANG_WARN_EMPTY_BODY = YES;
				CLANG_WARN_ENUM_CONVERSION = YES;
				CLANG_WARN_INFINITE_RECURSION = YES;
				CLANG_WARN_INT_CONVERSION = YES;
				CLANG_WARN_NON_LITERAL_NULL_CONVERSION = YES;
				CLANG_WARN_OBJC_IMPLICIT_RETAIN_SELF = YES;
				CLANG_WARN_OBJC_LITERAL_CONVERSION = YES;
				CLANG_WARN_OBJC_ROOT_CLASS = YES_ERROR;
				CLANG_WARN_QUOTED_INCLUDE_IN_FRAMEWORK_HEADER = YES;
				CLANG_WARN_RANGE_LOOP_ANALYSIS = YES;
				CLANG_WARN_STRICT_PROTOTYPES = YES;
				CLANG_WARN_SUSPICIOUS_MOVE = YES;
				CLANG_WARN_UNGUARDED_AVAILABILITY = YES_AGGRESSIVE;
				CLANG_WARN_UNREACHABLE_CODE = YES;
				CLANG_WARN__DUPLICATE_METHOD_MATCH = YES;
				COPY_PHASE_STRIP = NO;
				DEBUG_INFORMATION_FORMAT = "dwarf-with-dsym";
				ENABLE_NS_ASSERTIONS = NO;
				ENABLE_STRICT_OBJC_MSGSEND = YES;
				GCC_C_LANGUAGE_STANDARD = c99;
				GCC_NO_COMMON_BLOCKS = YES;
				GCC_PREPROCESSOR_DEFINITIONS = "PLATFORM_STRING=UNIX";
				GCC_WARN_64_TO_32_BIT_CONVERSION = YES;
				GCC_WARN_ABOUT_RETURN_TYPE = YES_ERROR;
				GCC_WARN_UNDECLARED_SELECTOR = YES;
				GCC_WARN_UNINITIALIZED_AUTOS = YES_AGGRESSIVE;
				GCC_WARN_UNUSED_FUNCTION = YES;
				GCC_WARN_UNUSED_VARIABLE = YES;
				MACOSX_DEPLOYMENT_TARGET = 11.7;
				MTL_ENABLE_DEBUG_INFO = NO;
				MTL_FAST_MATH = YES;
				SDKROOT = macosx;
			};
			name = Release;
		};
		F78968392E2E3EAA0027B242 /* Debug */ = {
			isa = XCBuildConfiguration;
			buildSettings = {
				CODE_SIGN_STYLE = Automatic;
				PRODUCT_NAME = "$(TARGET_NAME)";
			};
			name = Debug;
		};
		F789683A2E2E3EAA0027B242 /* Release */ = {
			isa = XCBuildConfiguration;
			buildSettings = {
				CODE_SIGN_STYLE = Automatic;
				PRODUCT_NAME = "$(TARGET_NAME)";
			};
			name = Release;
		};
/* End XCBuildConfiguration section */

/* Begin XCConfigurationList section */
		F789682C2E2E3EAA0027B242 /* Build configuration list for PBXProject "PikaCmd" */ = {
			isa = XCConfigurationList;
			buildConfigurations = (
				F78968362E2E3EAA0027B242 /* Debug */,
				F78968372E2E3EAA0027B242 /* Release */,
			);
			defaultConfigurationIsVisible = 0;
			defaultConfigurationName = Release;
		};
		F78968382E2E3EAA0027B242 /* Build configuration list for PBXNativeTarget "PikaCmd" */ = {
			isa = XCConfigurationList;
			buildConfigurations = (
				F78968392E2E3EAA0027B242 /* Debug */,
				F789683A2E2E3EAA0027B242 /* Release */,
			);
			defaultConfigurationIsVisible = 0;
			defaultConfigurationName = Release;
		};
/* End XCConfigurationList section */
	};
	rootObject = F78968292E2E3EAA0027B242 /* Project object */;
}
